
Microsoft Visual Studio Solution File, Format Version 12.00
# Visual Studio Version 17
VisualStudioVersion = 17.11.35312.102
MinimumVisualStudioVersion = 10.0.40219.1
Project("{FAE04EC0-301F-11D3-BF4B-00C04F79EFBC}") = "OgrenciNotMVC", "OgrenciNotMVC.csproj", "{B06FE845-8FDA-4620-9085-67A4B867140F}"
EndProject
Global
	GlobalSection(SolutionConfigurationPlatforms) = preSolution
		Debug|Any CPU = Debug|Any CPU
		Release|Any CPU = Release|Any CPU
	EndGlobalSection
	GlobalSection(ProjectConfigurationPlatforms) = postSolution
		{B06FE845-8FDA-4620-9085-67A4B867140F}.Debug|Any CPU.ActiveCfg = Debug|Any CPU
		{B06FE845-8FDA-4620-9085-67A4B867140F}.Debug|Any CPU.Build.0 = Debug|Any CPU
		{B06FE845-8FDA-4620-9085-67A4B867140F}.Release|Any CPU.ActiveCfg = Release|Any CPU
		{B06FE845-8FDA-4620-9085-67A4B867140F}.Release|Any CPU.Build.0 = Release|Any CPU
	EndGlobalSection
	GlobalSection(SolutionProperties) = preSolution
		HideSolutionNode = FALSE
	EndGlobalSection
	GlobalSection(ExtensibilityGlobals) = postSolution
		SolutionGuid = {2CA92F19-14FA-4F11-ABCD-C0C48283D4BE}
	EndGlobalSection
EndGlobal
